
Microsoft Visual Studio Solution File, Format Version 12.00
# Visual Studio Version 17
VisualStudioVersion = 17.5.33424.131
MinimumVisualStudioVersion = 10.0.40219.1
Project("{FAE04EC0-301F-11D3-BF4B-00C04F79EFBC}") = "Conversor.Android", "Conversor.Android\Conversor.Android.csproj", "{50C87DCB-A0B8-44E4-AD69-7E4CEE0CE8A2}"
EndProject
Project("{FAE04EC0-301F-11D3-BF4B-00C04F79EFBC}") = "Conversor.iOS", "Conversor.iOS\Conversor.iOS.csproj", "{887B8E05-F1E9-477F-87EA-CDFB76B729FD}"
EndProject
Project("{FAE04EC0-301F-11D3-BF4B-00C04F79EFBC}") = "Conversor", "Conversor\Conversor.csproj", "{5393EAE6-42F5-48ED-A700-C0742780C4F8}"
EndProject
Global
	GlobalSection(SolutionConfigurationPlatforms) = preSolution
		Debug|Any CPU = Debug|Any CPU
		Debug|iPhone = Debug|iPhone
		Debug|iPhoneSimulator = Debug|iPhoneSimulator
		Release|Any CPU = Release|Any CPU
		Release|iPhone = Release|iPhone
		Release|iPhoneSimulator = Release|iPhoneSimulator
	EndGlobalSection
	GlobalSection(ProjectConfigurationPlatforms) = postSolution
		{50C87DCB-A0B8-44E4-AD69-7E4CEE0CE8A2}.Debug|Any CPU.ActiveCfg = Debug|Any CPU
		{50C87DCB-A0B8-44E4-AD69-7E4CEE0CE8A2}.Debug|Any CPU.Build.0 = Debug|Any CPU
		{50C87DCB-A0B8-44E4-AD69-7E4CEE0CE8A2}.Debug|Any CPU.Deploy.0 = Debug|Any CPU
		{50C87DCB-A0B8-44E4-AD69-7E4CEE0CE8A2}.Debug|iPhone.ActiveCfg = Debug|Any CPU
		{50C87DCB-A0B8-44E4-AD69-7E4CEE0CE8A2}.Debug|iPhone.Build.0 = Debug|Any CPU
		{50C87DCB-A0B8-44E4-AD69-7E4CEE0CE8A2}.Debug|iPhone.Deploy.0 = Debug|Any CPU
		{50C87DCB-A0B8-44E4-AD69-7E4CEE0CE8A2}.Debug|iPhoneSimulator.ActiveCfg = Debug|Any CPU
		{50C87DCB-A0B8-44E4-AD69-7E4CEE0CE8A2}.Debug|iPhoneSimulator.Build.0 = Debug|Any CPU
		{50C87DCB-A0B8-44E4-AD69-7E4CEE0CE8A2}.Debug|iPhoneSimulator.Deploy.0 = Debug|Any CPU
		{50C87DCB-A0B8-44E4-AD69-7E4CEE0CE8A2}.Release|Any CPU.ActiveCfg = Release|Any CPU
		{50C87DCB-A0B8-44E4-AD69-7E4CEE0CE8A2}.Release|Any CPU.Build.0 = Release|Any CPU
		{50C87DCB-A0B8-44E4-AD69-7E4CEE0CE8A2}.Release|Any CPU.Deploy.0 = Release|Any CPU
		{50C87DCB-A0B8-44E4-AD69-7E4CEE0CE8A2}.Release|iPhone.ActiveCfg = Release|Any CPU
		{50C87DCB-A0B8-44E4-AD69-7E4CEE0CE8A2}.Release|iPhone.Build.0 = Release|Any CPU
		{50C87DCB-A0B8-44E4-AD69-7E4CEE0CE8A2}.Release|iPhone.Deploy.0 = Release|Any CPU
		{50C87DCB-A0B8-44E4-AD69-7E4CEE0CE8A2}.Release|iPhoneSimulator.ActiveCfg = Release|Any CPU
		{50C87DCB-A0B8-44E4-AD69-7E4CEE0CE8A2}.Release|iPhoneSimulator.Build.0 = Release|Any CPU
		{50C87DCB-A0B8-44E4-AD69-7E4CEE0CE8A2}.Release|iPhoneSimulator.Deploy.0 = Release|Any CPU
		{887B8E05-F1E9-477F-87EA-CDFB76B729FD}.Debug|Any CPU.ActiveCfg = Debug|iPhone
		{887B8E05-F1E9-477F-87EA-CDFB76B729FD}.Debug|Any CPU.Build.0 = Debug|iPhone
		{887B8E05-F1E9-477F-87EA-CDFB76B729FD}.Debug|Any CPU.Deploy.0 = Debug|iPhone
		{887B8E05-F1E9-477F-87EA-CDFB76B729FD}.Debug|iPhone.ActiveCfg = Debug|iPhone
		{887B8E05-F1E9-477F-87EA-CDFB76B729FD}.Debug|iPhone.Build.0 = Debug|iPhone
		{887B8E05-F1E9-477F-87EA-CDFB76B729FD}.Debug|iPhone.Deploy.0 = Debug|iPhone
		{887B8E05-F1E9-477F-87EA-CDFB76B729FD}.Debug|iPhoneSimulator.ActiveCfg = Debug|iPhoneSimulator
		{887B8E05-F1E9-477F-87EA-CDFB76B729FD}.Debug|iPhoneSimulator.Build.0 = Debug|iPhoneSimulator
		{887B8E05-F1E9-477F-87EA-CDFB76B729FD}.Debug|iPhoneSimulator.Deploy.0 = Debug|iPhoneSimulator
		{887B8E05-F1E9-477F-87EA-CDFB76B729FD}.Release|Any CPU.ActiveCfg = Release|iPhoneSimulator
		{887B8E05-F1E9-477F-87EA-CDFB76B729FD}.Release|Any CPU.Build.0 = Release|iPhoneSimulator
		{887B8E05-F1E9-477F-87EA-CDFB76B729FD}.Release|Any CPU.Deploy.0 = Release|iPhoneSimulator
		{887B8E05-F1E9-477F-87EA-CDFB76B729FD}.Release|iPhone.ActiveCfg = Release|iPhone
		{887B8E05-F1E9-477F-87EA-CDFB76B729FD}.Release|iPhone.Build.0 = Release|iPhone
		{887B8E05-F1E9-477F-87EA-CDFB76B729FD}.Release|iPhone.Deploy.0 = Release|iPhone
		{887B8E05-F1E9-477F-87EA-CDFB76B729FD}.Release|iPhoneSimulator.ActiveCfg = Release|iPhoneSimulator
		{887B8E05-F1E9-477F-87EA-CDFB76B729FD}.Release|iPhoneSimulator.Build.0 = Release|iPhoneSimulator
		{887B8E05-F1E9-477F-87EA-CDFB76B729FD}.Release|iPhoneSimulator.Deploy.0 = Release|iPhoneSimulator
		{5393EAE6-42F5-48ED-A700-C0742780C4F8}.Debug|Any CPU.ActiveCfg = Debug|Any CPU
		{5393EAE6-42F5-48ED-A700-C0742780C4F8}.Debug|Any CPU.Build.0 = Debug|Any CPU
		{5393EAE6-42F5-48ED-A700-C0742780C4F8}.Debug|Any CPU.Deploy.0 = Debug|Any CPU
		{5393EAE6-42F5-48ED-A700-C0742780C4F8}.Debug|iPhone.ActiveCfg = Debug|Any CPU
		{5393EAE6-42F5-48ED-A700-C0742780C4F8}.Debug|iPhone.Build.0 = Debug|Any CPU
		{5393EAE6-42F5-48ED-A700-C0742780C4F8}.Debug|iPhone.Deploy.0 = Debug|Any CPU
		{5393EAE6-42F5-48ED-A700-C0742780C4F8}.Debug|iPhoneSimulator.ActiveCfg = Debug|Any CPU
		{5393EAE6-42F5-48ED-A700-C0742780C4F8}.Debug|iPhoneSimulator.Build.0 = Debug|Any CPU
		{5393EAE6-42F5-48ED-A700-C0742780C4F8}.Debug|iPhoneSimulator.Deploy.0 = Debug|Any CPU
		{5393EAE6-42F5-48ED-A700-C0742780C4F8}.Release|Any CPU.ActiveCfg = Release|Any CPU
		{5393EAE6-42F5-48ED-A700-C0742780C4F8}.Release|Any CPU.Build.0 = Release|Any CPU
		{5393EAE6-42F5-48ED-A700-C0742780C4F8}.Release|Any CPU.Deploy.0 = Release|Any CPU
		{5393EAE6-42F5-48ED-A700-C0742780C4F8}.Release|iPhone.ActiveCfg = Release|Any CPU
		{5393EAE6-42F5-48ED-A700-C0742780C4F8}.Release|iPhone.Build.0 = Release|Any CPU
		{5393EAE6-42F5-48ED-A700-C0742780C4F8}.Release|iPhone.Deploy.0 = Release|Any CPU
		{5393EAE6-42F5-48ED-A700-C0742780C4F8}.Release|iPhoneSimulator.ActiveCfg = Release|Any CPU
		{5393EAE6-42F5-48ED-A700-C0742780C4F8}.Release|iPhoneSimulator.Build.0 = Release|Any CPU
		{5393EAE6-42F5-48ED-A700-C0742780C4F8}.Release|iPhoneSimulator.Deploy.0 = Release|Any CPU
	EndGlobalSection
	GlobalSection(SolutionProperties) = preSolution
		HideSolutionNode = FALSE
	EndGlobalSection
	GlobalSection(ExtensibilityGlobals) = postSolution
		SolutionGuid = {6FE411D5-BB04-46CC-8309-D59662D8DBD2}
	EndGlobalSection
EndGlobal
